// !$*UTF8*$!
{
	archiveVersion = 1;
	classes = {
	};
	objectVersion = 46;
	objects = {

/* Begin PBXBuildFile section */
		737CF8E61F0DE5890060567A /* AppDelegate.swift in Sources */ = {isa = PBXBuildFile; fileRef = 737CF8E51F0DE5890060567A /* AppDelegate.swift */; };
		737CF8E81F0DE5890060567A /* ViewController.swift in Sources */ = {isa = PBXBuildFile; fileRef = 737CF8E71F0DE5890060567A /* ViewController.swift */; };
		737CF8EB1F0DE5890060567A /* Main.storyboard in Resources */ = {isa = PBXBuildFile; fileRef = 737CF8E91F0DE5890060567A /* Main.storyboard */; };
		737CF8ED1F0DE5890060567A /* Assets.xcassets in Resources */ = {isa = PBXBuildFile; fileRef = 737CF8EC1F0DE5890060567A /* Assets.xcassets */; };
		737CF8F01F0DE5890060567A /* LaunchScreen.storyboard in Resources */ = {isa = PBXBuildFile; fileRef = 737CF8EE1F0DE5890060567A /* LaunchScreen.storyboard */; };
		737CF8FB1F0DE5890060567A /* StretchySnacksTests.swift in Sources */ = {isa = PBXBuildFile; fileRef = 737CF8FA1F0DE5890060567A /* StretchySnacksTests.swift */; };
/* End PBXBuildFile section */

/* Begin PBXContainerItemProxy section */
		737CF8F71F0DE5890060567A /* PBXContainerItemProxy */ = {
			isa = PBXContainerItemProxy;
			containerPortal = 737CF8DA1F0DE5890060567A /* Project object */;
			proxyType = 1;
			remoteGlobalIDString = 737CF8E11F0DE5890060567A;
			remoteInfo = StretchySnacks;
		};
/* End PBXContainerItemProxy section */

/* Begin PBXFileReference section */
		737CF8E21F0DE5890060567A /* StretchySnacks.app */ = {isa = PBXFileReference; explicitFileType = wrapper.application; includeInIndex = 0; path = StretchySnacks.app; sourceTree = BUILT_PRODUCTS_DIR; };
		737CF8E51F0DE5890060567A /* AppDelegate.swift */ = {isa = PBXFileReference; lastKnownFileType = sourcecode.swift; path = AppDelegate.swift; sourceTree = "<group>"; };
		737CF8E71F0DE5890060567A /* ViewController.swift */ = {isa = PBXFileReference; lastKnownFileType = sourcecode.swift; path = ViewController.swift; sourceTree = "<group>"; };
		737CF8EA1F0DE5890060567A /* Base */ = {isa = PBXFileReference; lastKnownFileType = file.storyboard; name = Base; path = Base.lproj/Main.storyboard; sourceTree = "<group>"; };
		737CF8EC1F0DE5890060567A /* Assets.xcassets */ = {isa = PBXFileReference; lastKnownFileType = folder.assetcatalog; path = Assets.xcassets; sourceTree = "<group>"; };
		737CF8EF1F0DE5890060567A /* Base */ = {isa = PBXFileReference; lastKnownFileType = file.storyboard; name = Base; path = Base.lproj/LaunchScreen.storyboard; sourceTree = "<group>"; };
		737CF8F11F0DE5890060567A /* Info.plist */ = {isa = PBXFileReference; lastKnownFileType = text.plist.xml; path = Info.plist; sourceTree = "<group>"; };
		737CF8F61F0DE5890060567A /* StretchySnacksTests.xctest */ = {isa = PBXFileReference; explicitFileType = wrapper.cfbundle; includeInIndex = 0; path = StretchySnacksTests.xctest; sourceTree = BUILT_PRODUCTS_DIR; };
		737CF8FA1F0DE5890060567A /* StretchySnacksTests.swift */ = {isa = PBXFileReference; lastKnownFileType = sourcecode.swift; path = StretchySnacksTests.swift; sourceTree = "<group>"; };
		737CF8FC1F0DE5890060567A /* Info.plist */ = {isa = PBXFileReference; lastKnownFileType = text.plist.xml; path = Info.plist; sourceTree = "<group>"; };
/* End PBXFileReference section */

/* Begin PBXFrameworksBuildPhase section */
		737CF8DF1F0DE5890060567A /* Frameworks */ = {
			isa = PBXFrameworksBuildPhase;
			buildActionMask = 2147483647;
			files = (
			);
			runOnlyForDeploymentPostprocessing = 0;
		};
		737CF8F31F0DE5890060567A /* Frameworks */ = {
			isa = PBXFrameworksBuildPhase;
			buildActionMask = 2147483647;
			files = (
			);
			runOnlyForDeploymentPostprocessing = 0;
		};
/* End PBXFrameworksBuildPhase section */

/* Begin PBXGroup section */
		737CF8D91F0DE5890060567A = {
			isa = PBXGroup;
			children = (
				737CF8E41F0DE5890060567A /* StretchySnacks */,
				737CF8F91F0DE5890060567A /* StretchySnacksTests */,
				737CF8E31F0DE5890060567A /* Products */,
			);
			sourceTree = "<group>";
		};
		737CF8E31F0DE5890060567A /* Products */ = {
			isa = PBXGroup;
			children = (
				737CF8E21F0DE5890060567A /* StretchySnacks.app */,
				737CF8F61F0DE5890060567A /* StretchySnacksTests.xctest */,
			);
			name = Products;
			sourceTree = "<group>";
		};
		737CF8E41F0DE5890060567A /* StretchySnacks */ = {
			isa = PBXGroup;
			children = (
				737CF8E51F0DE5890060567A /* AppDelegate.swift */,
				737CF8E71F0DE5890060567A /* ViewController.swift */,
				737CF8E91F0DE5890060567A /* Main.storyboard */,
				737CF8EC1F0DE5890060567A /* Assets.xcassets */,
				737CF8EE1F0DE5890060567A /* LaunchScreen.storyboard */,
				737CF8F11F0DE5890060567A /* Info.plist */,
			);
			path = StretchySnacks;
			sourceTree = "<group>";
		};
		737CF8F91F0DE5890060567A /* StretchySnacksTests */ = {
			isa = PBXGroup;
			children = (
				737CF8FA1F0DE5890060567A /* StretchySnacksTests.swift */,
				737CF8FC1F0DE5890060567A /* Info.plist */,
			);
			path = StretchySnacksTests;
			sourceTree = "<group>";
		};
/* End PBXGroup section */

/* Begin PBXNativeTarget section */
		737CF8E11F0DE5890060567A /* StretchySnacks */ = {
			isa = PBXNativeTarget;
			buildConfigurationList = 737CF8FF1F0DE5890060567A /* Build configuration list for PBXNativeTarget "StretchySnacks" */;
			buildPhases = (
				737CF8DE1F0DE5890060567A /* Sources */,
				737CF8DF1F0DE5890060567A /* Frameworks */,
				737CF8E01F0DE5890060567A /* Resources */,
			);
			buildRules = (
			);
			dependencies = (
			);
			name = StretchySnacks;
			productName = StretchySnacks;
			productReference = 737CF8E21F0DE5890060567A /* StretchySnacks.app */;
			productType = "com.apple.product-type.application";
		};
		737CF8F51F0DE5890060567A /* StretchySnacksTests */ = {
			isa = PBXNativeTarget;
			buildConfigurationList = 737CF9021F0DE5890060567A /* Build configuration list for PBXNativeTarget "StretchySnacksTests" */;
			buildPhases = (
				737CF8F21F0DE5890060567A /* Sources */,
				737CF8F31F0DE5890060567A /* Frameworks */,
				737CF8F41F0DE5890060567A /* Resources */,
			);
			buildRules = (
			);
			dependencies = (
				737CF8F81F0DE5890060567A /* PBXTargetDependency */,
			);
			name = StretchySnacksTests;
			productName = StretchySnacksTests;
			productReference = 737CF8F61F0DE5890060567A /* StretchySnacksTests.xctest */;
			productType = "com.apple.product-type.bundle.unit-test";
		};
/* End PBXNativeTarget section */

/* Begin PBXProject section */
		737CF8DA1F0DE5890060567A /* Project object */ = {
			isa = PBXProject;
			attributes = {
				LastSwiftUpdateCheck = 0830;
				LastUpgradeCheck = 0830;
				ORGANIZATIONNAME = "Kevin Cleathero";
				TargetAttributes = {
					737CF8E11F0DE5890060567A = {
						CreatedOnToolsVersion = 8.3.3;
						ProvisioningStyle = Automatic;
					};
					737CF8F51F0DE5890060567A = {
						CreatedOnToolsVersion = 8.3.3;
						ProvisioningStyle = Automatic;
						TestTargetID = 737CF8E11F0DE5890060567A;
					};
				};
			};
			buildConfigurationList = 737CF8DD1F0DE5890060567A /* Build configuration list for PBXProject "StretchySnacks" */;
			compatibilityVersion = "Xcode 3.2";
			developmentRegion = English;
			hasScannedForEncodings = 0;
			knownRegions = (
				en,
				Base,
			);
			mainGroup = 737CF8D91F0DE5890060567A;
			productRefGroup = 737CF8E31F0DE5890060567A /* Products */;
			projectDirPath = "";
			projectRoot = "";
			targets = (
				737CF8E11F0DE5890060567A /* StretchySnacks */,
				737CF8F51F0DE5890060567A /* StretchySnacksTests */,
			);
		};
/* End PBXProject section */

/* Begin PBXResourcesBuildPhase section */
		737CF8E01F0DE5890060567A /* Resources */ = {
			isa = PBXResourcesBuildPhase;
			buildActionMask = 2147483647;
			files = (
				737CF8F01F0DE5890060567A /* LaunchScreen.storyboard in Resources */,
				737CF8ED1F0DE5890060567A /* Assets.xcassets in Resources */,
				737CF8EB1F0DE5890060567A /* Main.storyboard in Resources */,
			);
			runOnlyForDeploymentPostprocessing = 0;
		};
		737CF8F41F0DE5890060567A /* Resources */ = {
			isa = PBXResourcesBuildPhase;
			buildActionMask = 2147483647;
			files = (
			);
			runOnlyForDeploymentPostprocessing = 0;
		};
/* End PBXResourcesBuildPhase section */

/* Begin PBXSourcesBuildPhase section */
		737CF8DE1F0DE5890060567A /* Sources */ = {
			isa = PBXSourcesBuildPhase;
			buildActionMask = 2147483647;
			files = (
				737CF8E81F0DE5890060567A /* ViewController.swift in Sources */,
				737CF8E61F0DE5890060567A /* AppDelegate.swift in Sources */,
			);
			runOnlyForDeploymentPostprocessing = 0;
		};
		737CF8F21F0DE5890060567A /* Sources */ = {
			isa = PBXSourcesBuildPhase;
			buildActionMask = 2147483647;
			files = (
				737CF8FB1F0DE5890060567A /* StretchySnacksTests.swift in Sources */,
			);
			runOnlyForDeploymentPostprocessing = 0;
		};
/* End PBXSourcesBuildPhase section */

/* Begin PBXTargetDependency section */
		737CF8F81F0DE5890060567A /* PBXTargetDependency */ = {
			isa = PBXTargetDependency;
			target = 737CF8E11F0DE5890060567A /* StretchySnacks */;
			targetProxy = 737CF8F71F0DE5890060567A /* PBXContainerItemProxy */;
		};
/* End PBXTargetDependency section */

/* Begin PBXVariantGroup section */
		737CF8E91F0DE5890060567A /* Main.storyboard */ = {
			isa = PBXVariantGroup;
			children = (
				737CF8EA1F0DE5890060567A /* Base */,
			);
			name = Main.storyboard;
			sourceTree = "<group>";
		};
		737CF8EE1F0DE5890060567A /* LaunchScreen.storyboard */ = {
			isa = PBXVariantGroup;
			children = (
				737CF8EF1F0DE5890060567A /* Base */,
			);
			name = LaunchScreen.storyboard;
			sourceTree = "<group>";
		};
/* End PBXVariantGroup section */

/* Begin XCBuildConfiguration section */
		737CF8FD1F0DE5890060567A /* Debug */ = {
			isa = XCBuildConfiguration;
			buildSettings = {
				ALWAYS_SEARCH_USER_PATHS = NO;
				CLANG_ANALYZER_NONNULL = YES;
				CLANG_ANALYZER_NUMBER_OBJECT_CONVERSION = YES_AGGRESSIVE;
				CLANG_CXX_LANGUAGE_STANDARD = "gnu++0x";
				CLANG_CXX_LIBRARY = "libc++";
				CLANG_ENABLE_MODULES = YES;
				CLANG_ENABLE_OBJC_ARC = YES;
				CLANG_WARN_BOOL_CONVERSION = YES;
				CLANG_WARN_CONSTANT_CONVERSION = YES;
				CLANG_WARN_DIRECT_OBJC_ISA_USAGE = YES_ERROR;
				CLANG_WARN_DOCUMENTATION_COMMENTS = YES;
				CLANG_WARN_EMPTY_BODY = YES;
				CLANG_WARN_ENUM_CONVERSION = YES;
				CLANG_WARN_INFINITE_RECURSION = YES;
				CLANG_WARN_INT_CONVERSION = YES;
				CLANG_WARN_OBJC_ROOT_CLASS = YES_ERROR;
				CLANG_WARN_SUSPICIOUS_MOVE = YES;
				CLANG_WARN_UNREACHABLE_CODE = YES;
				CLANG_WARN__DUPLICATE_METHOD_MATCH = YES;
				"CODE_SIGN_IDENTITY[sdk=iphoneos*]" = "iPhone Developer";
				COPY_PHASE_STRIP = NO;
				DEBUG_INFORMATION_FORMAT = dwarf;
				ENABLE_STRICT_OBJC_MSGSEND = YES;
				ENABLE_TESTABILITY = YES;
				GCC_C_LANGUAGE_STANDARD = gnu99;
				GCC_DYNAMIC_NO_PIC = NO;
				GCC_NO_COMMON_BLOCKS = YES;
				GCC_OPTIMIZATION_LEVEL = 0;
				GCC_PREPROCESSOR_DEFINITIONS = (
					"DEBUG=1",
					"$(inherited)",
				);
				GCC_WARN_64_TO_32_BIT_CONVERSION = YES;
				GCC_WARN_ABOUT_RETURN_TYPE = YES_ERROR;
				GCC_WARN_UNDECLARED_SELECTOR = YES;
				GCC_WARN_UNINITIALIZED_AUTOS = YES_AGGRESSIVE;
				GCC_WARN_UNUSED_FUNCTION = YES;
				GCC_WARN_UNUSED_VARIABLE = YES;
				IPHONEOS_DEPLOYMENT_TARGET = 10.3;
				MTL_ENABLE_DEBUG_INFO = YES;
				ONLY_ACTIVE_ARCH = YES;
				SDKROOT = iphoneos;
				SWIFT_ACTIVE_COMPILATION_CONDITIONS = DEBUG;
				SWIFT_OPTIMIZATION_LEVEL = "-Onone";
				TARGETED_DEVICE_FAMILY = "1,2";
			};
			name = Debug;
		};
		737CF8FE1F0DE5890060567A /* Release */ = {
			isa = XCBuildConfiguration;
			buildSettings = {
				ALWAYS_SEARCH_USER_PATHS = NO;
				CLANG_ANALYZER_NONNULL = YES;
				CLANG_ANALYZER_NUMBER_OBJECT_CONVERSION = YES_AGGRESSIVE;
				CLANG_CXX_LANGUAGE_STANDARD = "gnu++0x";
				CLANG_CXX_LIBRARY = "libc++";
				CLANG_ENABLE_MODULES = YES;
				CLANG_ENABLE_OBJC_ARC = YES;
				CLANG_WARN_BOOL_CONVERSION = YES;
				CLANG_WARN_CONSTANT_CONVERSION = YES;
				CLANG_WARN_DIRECT_OBJC_ISA_USAGE = YES_ERROR;
				CLANG_WARN_DOCUMENTATION_COMMENTS = YES;
				CLANG_WARN_EMPTY_BODY = YES;
				CLANG_WARN_ENUM_CONVERSION = YES;
				CLANG_WARN_INFINITE_RECURSION = YES;
				CLANG_WARN_INT_CONVERSION = YES;
				CLANG_WARN_OBJC_ROOT_CLASS = YES_ERROR;
				CLANG_WARN_SUSPICIOUS_MOVE = YES;
				CLANG_WARN_UNREACHABLE_CODE = YES;
				CLANG_WARN__DUPLICATE_METHOD_MATCH = YES;
				"CODE_SIGN_IDENTITY[sdk=iphoneos*]" = "iPhone Developer";
				COPY_PHASE_STRIP = NO;
				DEBUG_INFORMATION_FORMAT = "dwarf-with-dsym";
				ENABLE_NS_ASSERTIONS = NO;
				ENABLE_STRICT_OBJC_MSGSEND = YES;
				GCC_C_LANGUAGE_STANDARD = gnu99;
				GCC_NO_COMMON_BLOCKS = YES;
				GCC_WARN_64_TO_32_BIT_CONVERSION = YES;
				GCC_WARN_ABOUT_RETURN_TYPE = YES_ERROR;
				GCC_WARN_UNDECLARED_SELECTOR = YES;
				GCC_WARN_UNINITIALIZED_AUTOS = YES_AGGRESSIVE;
				GCC_WARN_UNUSED_FUNCTION = YES;
				GCC_WARN_UNUSED_VARIABLE = YES;
				IPHONEOS_DEPLOYMENT_TARGET = 10.3;
				MTL_ENABLE_DEBUG_INFO = NO;
				SDKROOT = iphoneos;
				SWIFT_OPTIMIZATION_LEVEL = "-Owholemodule";
				TARGETED_DEVICE_FAMILY = "1,2";
				VALIDATE_PRODUCT = YES;
			};
			name = Release;
		};
		737CF9001F0DE5890060567A /* Debug */ = {
			isa = XCBuildConfiguration;
			buildSettings = {
				ASSETCATALOG_COMPILER_APPICON_NAME = AppIcon;
				INFOPLIST_FILE = StretchySnacks/Info.plist;
				LD_RUNPATH_SEARCH_PATHS = "$(inherited) @executable_path/Frameworks";
				PRODUCT_BUNDLE_IDENTIFIER = ignore.StretchySnacks;
				PRODUCT_NAME = "$(TARGET_NAME)";
				SWIFT_VERSION = 3.0;
			};
			name = Debug;
		};
		737CF9011F0DE5890060567A /* Release */ = {
			isa = XCBuildConfiguration;
			buildSettings = {
				ASSETCATALOG_COMPILER_APPICON_NAME = AppIcon;
				INFOPLIST_FILE = StretchySnacks/Info.plist;
				LD_RUNPATH_SEARCH_PATHS = "$(inherited) @executable_path/Frameworks";
				PRODUCT_BUNDLE_IDENTIFIER = ignore.StretchySnacks;
				PRODUCT_NAME = "$(TARGET_NAME)";
				SWIFT_VERSION = 3.0;
			};
			name = Release;
		};
		737CF9031F0DE5890060567A /* Debug */ = {
			isa = XCBuildConfiguration;
			buildSettings = {
				ALWAYS_EMBED_SWIFT_STANDARD_LIBRARIES = YES;
				BUNDLE_LOADER = "$(TEST_HOST)";
				INFOPLIST_FILE = StretchySnacksTests/Info.plist;
				LD_RUNPATH_SEARCH_PATHS = "$(inherited) @executable_path/Frameworks @loader_path/Frameworks";
				PRODUCT_BUNDLE_IDENTIFIER = ignore.StretchySnacksTests;
				PRODUCT_NAME = "$(TARGET_NAME)";
				SWIFT_VERSION = 3.0;
				TEST_HOST = "$(BUILT_PRODUCTS_DIR)/StretchySnacks.app/StretchySnacks";
			};
			name = Debug;
		};
		737CF9041F0DE5890060567A /* Release */ = {
			isa = XCBuildConfiguration;
			buildSettings = {
				ALWAYS_EMBED_SWIFT_STANDARD_LIBRARIES = YES;
				BUNDLE_LOADER = "$(TEST_HOST)";
				INFOPLIST_FILE = StretchySnacksTests/Info.plist;
				LD_RUNPATH_SEARCH_PATHS = "$(inherited) @executable_path/Frameworks @loader_path/Frameworks";
				PRODUCT_BUNDLE_IDENTIFIER = ignore.StretchySnacksTests;
				PRODUCT_NAME = "$(TARGET_NAME)";
				SWIFT_VERSION = 3.0;
				TEST_HOST = "$(BUILT_PRODUCTS_DIR)/StretchySnacks.app/StretchySnacks";
			};
			name = Release;
		};
/* End XCBuildConfiguration section */

/* Begin XCConfigurationList section */
		737CF8DD1F0DE5890060567A /* Build configuration list for PBXProject "StretchySnacks" */ = {
			isa = XCConfigurationList;
			buildConfigurations = (
				737CF8FD1F0DE5890060567A /* Debug */,
				737CF8FE1F0DE5890060567A /* Release */,
			);
			defaultConfigurationIsVisible = 0;
			defaultConfigurationName = Release;
		};
		737CF8FF1F0DE5890060567A /* Build configuration list for PBXNativeTarget "StretchySnacks" */ = {
			isa = XCConfigurationList;
			buildConfigurations = (
				737CF9001F0DE5890060567A /* Debug */,
				737CF9011F0DE5890060567A /* Release */,
			);
			defaultConfigurationIsVisible = 0;
		};
		737CF9021F0DE5890060567A /* Build configuration list for PBXNativeTarget "StretchySnacksTests" */ = {
			isa = XCConfigurationList;
			buildConfigurations = (
				737CF9031F0DE5890060567A /* Debug */,
				737CF9041F0DE5890060567A /* Release */,
			);
			defaultConfigurationIsVisible = 0;
		};
/* End XCConfigurationList section */
	};
	rootObject = 737CF8DA1F0DE5890060567A /* Project object */;
}
